// !$*UTF8*$!
{
	archiveVersion = 1;
	classes = {
	};
	objectVersion = 70;
	objects = {

/* Begin PBXBuildFile section */
		1A000001 /* TypelessApp.swift in Sources */ = {isa = PBXBuildFile; fileRef = 1A000011 /* TypelessApp.swift */; };
		1A000002 /* KeyMonitor.swift in Sources */ = {isa = PBXBuildFile; fileRef = 1A000012 /* KeyMonitor.swift */; };
		1A000003 /* RecordingManager.swift in Sources */ = {isa = PBXBuildFile; fileRef = 1A000013 /* RecordingManager.swift */; };
		1A000004 /* OverlayWindow.swift in Sources */ = {isa = PBXBuildFile; fileRef = 1A000014 /* OverlayWindow.swift */; };
		1A000005 /* TextInserter.swift in Sources */ = {isa = PBXBuildFile; fileRef = 1A000015 /* TextInserter.swift */; };
		1A000006 /* SettingsView.swift in Sources */ = {isa = PBXBuildFile; fileRef = 1A000016 /* SettingsView.swift */; };
		1A000020 /* WhisperKit in Frameworks */ = {isa = PBXBuildFile; productRef = 1A00001F /* WhisperKit */; };
		1A000030 /* AppIcon.icns in Resources */ = {isa = PBXBuildFile; fileRef = 1A000031 /* AppIcon.icns */; };
		1A000042 /* SherpaOnnxManager.swift in Sources */ = {isa = PBXBuildFile; fileRef = 1A000043 /* SherpaOnnxManager.swift */; };
		1A000046 /* SherpaOnnxOnlineRecognizer.swift in Sources */ = {isa = PBXBuildFile; fileRef = 1A000047 /* SherpaOnnxOnlineRecognizer.swift */; };
		1A000048 /* SherpaOnnxPunctuation.swift in Sources */ = {isa = PBXBuildFile; fileRef = 1A000049 /* SherpaOnnxPunctuation.swift */; };
		1A000081 /* SherpaOnnxITN.swift in Sources */ = {isa = PBXBuildFile; fileRef = 1A000080 /* SherpaOnnxITN.swift */; };
		1A000050 /* libsherpa-onnx-c-api.dylib in Frameworks */ = {isa = PBXBuildFile; fileRef = 1A000051 /* libsherpa-onnx-c-api.dylib */; };
		1A000052 /* libonnxruntime.1.23.2.dylib in Frameworks */ = {isa = PBXBuildFile; fileRef = 1A000053 /* libonnxruntime.1.23.2.dylib */; };
		1A000054 /* libsherpa-onnx-c-api.dylib in CopyFiles */ = {isa = PBXBuildFile; fileRef = 1A000051 /* libsherpa-onnx-c-api.dylib */; settings = {ATTRIBUTES = (CodeSignOnCopy, ); }; };
		1A000055 /* libonnxruntime.1.23.2.dylib in CopyFiles */ = {isa = PBXBuildFile; fileRef = 1A000053 /* libonnxruntime.1.23.2.dylib */; settings = {ATTRIBUTES = (CodeSignOnCopy, ); }; };
		1A000071 /* OnboardingOverlay.swift in Sources */ = {isa = PBXBuildFile; fileRef = 1A000070 /* OnboardingOverlay.swift */; };
		1AC00001 /* BertTokenizer.swift in Sources */ = {isa = PBXBuildFile; fileRef = 1AC00010 /* BertTokenizer.swift */; };
		1AC00002 /* ChineseSpellingCorrector.swift in Sources */ = {isa = PBXBuildFile; fileRef = 1AC00011 /* ChineseSpellingCorrector.swift */; };
		1AF00001 /* RecordingState.swift in Sources */ = {isa = PBXBuildFile; fileRef = 1AF00010 /* RecordingState.swift */; };
		1AQ00001 /* QwenASRRecognizer.swift in Sources */ = {isa = PBXBuildFile; fileRef = 1AQ00010 /* QwenASRRecognizer.swift */; };
		1AQ00002 /* libqwen_asr.dylib in Frameworks */ = {isa = PBXBuildFile; fileRef = 1AQ00011 /* libqwen_asr.dylib */; };
		1AQ00003 /* libqwen_asr.dylib in CopyFiles */ = {isa = PBXBuildFile; fileRef = 1AQ00011 /* libqwen_asr.dylib */; settings = {ATTRIBUTES = (CodeSignOnCopy, ); }; };
		1AQ00004 /* CStringUtils.swift in Sources */ = {isa = PBXBuildFile; fileRef = 1AQ00012 /* CStringUtils.swift */; };
		1AQ00005 /* ASRStreamRecognizing.swift in Sources */ = {isa = PBXBuildFile; fileRef = 1AQ00013 /* ASRStreamRecognizing.swift */; };
		1AQ00006 /* ASREngine.swift in Sources */ = {isa = PBXBuildFile; fileRef = 1AQ00014 /* ASREngine.swift */; };
		1ATN0001 /* TermNormalizer.swift in Sources */ = {isa = PBXBuildFile; fileRef = 1ATN0010 /* TermNormalizer.swift */; };
		1ATN0002 /* term_dictionary.json in Resources */ = {isa = PBXBuildFile; fileRef = 1ATN0011 /* term_dictionary.json */; };
		1AD00001 /* DualEngineASR.swift in Sources */ = {isa = PBXBuildFile; fileRef = 1AD00010 /* DualEngineASR.swift */; };
		1A0CR001 /* CloudRewriteService.swift in Sources */ = {isa = PBXBuildFile; fileRef = 1A0CR010 /* CloudRewriteService.swift */; };
		1A0GS001 /* GeneratedSecrets.swift in Sources */ = {isa = PBXBuildFile; fileRef = 1A0GS010 /* GeneratedSecrets.swift */; };
		1AAN0001 /* AnalyticsService.swift in Sources */ = {isa = PBXBuildFile; fileRef = 1AAN0010 /* AnalyticsService.swift */; };
		1A0CRT01 /* CloudRewriteServiceTests.swift in Sources */ = {isa = PBXBuildFile; fileRef = 1A0CRT10 /* CloudRewriteServiceTests.swift */; };
		1AAE0001 /* AudioEngineManager.swift in Sources */ = {isa = PBXBuildFile; fileRef = 1AAE0010 /* AudioEngineManager.swift */; };
		1APP0001 /* PostProcessingPipeline.swift in Sources */ = {isa = PBXBuildFile; fileRef = 1APP0010 /* PostProcessingPipeline.swift */; };
		1AEF0001 /* ASREngineFactory.swift in Sources */ = {isa = PBXBuildFile; fileRef = 1AEF0010 /* ASREngineFactory.swift */; };
		1ASV0001 /* SettingsASRView.swift in Sources */ = {isa = PBXBuildFile; fileRef = 1ASV0010 /* SettingsASRView.swift */; };
		1ASV0002 /* SettingsDualEngineStatusView.swift in Sources */ = {isa = PBXBuildFile; fileRef = 1ASV0020 /* SettingsDualEngineStatusView.swift */; };
		1ASV0003 /* SettingsGeneralView.swift in Sources */ = {isa = PBXBuildFile; fileRef = 1ASV0030 /* SettingsGeneralView.swift */; };
		1A0MP001 /* ModelPathResolver.swift in Sources */ = {isa = PBXBuildFile; fileRef = 1A0MP010 /* ModelPathResolver.swift */; };
		1A0MD001 /* ModelDownloader.swift in Sources */ = {isa = PBXBuildFile; fileRef = 1A0MD010 /* ModelDownloader.swift */; };
		1A0ME001 /* ModelExtractionService.swift in Sources */ = {isa = PBXBuildFile; fileRef = 1A0ME010 /* ModelExtractionService.swift */; };
/* End PBXBuildFile section */

/* Begin PBXContainerItemProxy section */
		060E7E362F4ED32B0088F9A6 /* PBXContainerItemProxy */ = {
			isa = PBXContainerItemProxy;
			containerPortal = 1A000008 /* Project object */;
			proxyType = 1;
			remoteGlobalIDString = 1A00000A;
			remoteInfo = Typeless;
		};
/* End PBXContainerItemProxy section */

/* Begin PBXCopyFilesBuildPhase section */
		1A000056 /* CopyFiles */ = {
			isa = PBXCopyFilesBuildPhase;
			buildActionMask = 2147483647;
			dstPath = "";
			dstSubfolderSpec = 10;
			files = (
				1A000054 /* libsherpa-onnx-c-api.dylib in CopyFiles */,
				1A000055 /* libonnxruntime.1.23.2.dylib in CopyFiles */,
				1AQ00003 /* libqwen_asr.dylib in CopyFiles */,
			);
			runOnlyForDeploymentPostprocessing = 0;
		};
/* End PBXCopyFilesBuildPhase section */

/* Begin PBXFileReference section */
		060E7E322F4ED32A0088F9A6 /* TypelessTests.xctest */ = {isa = PBXFileReference; explicitFileType = wrapper.cfbundle; includeInIndex = 0; path = TypelessTests.xctest; sourceTree = BUILT_PRODUCTS_DIR; };
		060E7F8D2F5436D10088F9A6 /* Typeless.xctestplan */ = {isa = PBXFileReference; lastKnownFileType = text; path = Typeless.xctestplan; sourceTree = "<group>"; };
		1A000010 /* Typeless.app */ = {isa = PBXFileReference; explicitFileType = wrapper.application; includeInIndex = 0; name = Typeless.app; path = "Nano Typeless.app"; sourceTree = BUILT_PRODUCTS_DIR; };
		1A000011 /* TypelessApp.swift */ = {isa = PBXFileReference; lastKnownFileType = sourcecode.swift; path = TypelessApp.swift; sourceTree = "<group>"; };
		1A000012 /* KeyMonitor.swift */ = {isa = PBXFileReference; lastKnownFileType = sourcecode.swift; path = KeyMonitor.swift; sourceTree = "<group>"; };
		1A000013 /* RecordingManager.swift */ = {isa = PBXFileReference; lastKnownFileType = sourcecode.swift; path = RecordingManager.swift; sourceTree = "<group>"; };
		1A000014 /* OverlayWindow.swift */ = {isa = PBXFileReference; lastKnownFileType = sourcecode.swift; path = OverlayWindow.swift; sourceTree = "<group>"; };
		1A000015 /* TextInserter.swift */ = {isa = PBXFileReference; lastKnownFileType = sourcecode.swift; path = TextInserter.swift; sourceTree = "<group>"; };
		1A000016 /* SettingsView.swift */ = {isa = PBXFileReference; lastKnownFileType = sourcecode.swift; path = SettingsView.swift; sourceTree = "<group>"; };
		1A000017 /* Info.plist */ = {isa = PBXFileReference; lastKnownFileType = text.plist.xml; path = Info.plist; sourceTree = "<group>"; };
		1A000018 /* Typeless.entitlements */ = {isa = PBXFileReference; lastKnownFileType = text.plist.entitlements; path = Typeless.entitlements; sourceTree = "<group>"; };
		1A000031 /* AppIcon.icns */ = {isa = PBXFileReference; lastKnownFileType = image.icns; path = AppIcon.icns; sourceTree = "<group>"; };
		1A000043 /* SherpaOnnxManager.swift */ = {isa = PBXFileReference; lastKnownFileType = sourcecode.swift; path = SherpaOnnxManager.swift; sourceTree = "<group>"; };
		1A000047 /* SherpaOnnxOnlineRecognizer.swift */ = {isa = PBXFileReference; lastKnownFileType = sourcecode.swift; path = SherpaOnnxOnlineRecognizer.swift; sourceTree = "<group>"; };
		1A000049 /* SherpaOnnxPunctuation.swift */ = {isa = PBXFileReference; lastKnownFileType = sourcecode.swift; path = SherpaOnnxPunctuation.swift; sourceTree = "<group>"; };
		1A000080 /* SherpaOnnxITN.swift */ = {isa = PBXFileReference; lastKnownFileType = sourcecode.swift; path = SherpaOnnxITN.swift; sourceTree = "<group>"; };
		1A000051 /* libsherpa-onnx-c-api.dylib */ = {isa = PBXFileReference; lastKnownFileType = "compiled.mach-o.dylib"; name = "libsherpa-onnx-c-api.dylib"; path = "Frameworks/sherpa-onnx/lib/libsherpa-onnx-c-api.dylib"; sourceTree = "<group>"; };
		1A000053 /* libonnxruntime.1.23.2.dylib */ = {isa = PBXFileReference; lastKnownFileType = "compiled.mach-o.dylib"; name = libonnxruntime.1.23.2.dylib; path = "Frameworks/sherpa-onnx/lib/libonnxruntime.1.23.2.dylib"; sourceTree = "<group>"; };
		1A000060 /* CSherpaOnnx-Bridging-Header.h */ = {isa = PBXFileReference; lastKnownFileType = sourcecode.c.h; path = "CSherpaOnnx-Bridging-Header.h"; sourceTree = "<group>"; };
		1A000070 /* OnboardingOverlay.swift */ = {isa = PBXFileReference; lastKnownFileType = sourcecode.swift; path = OnboardingOverlay.swift; sourceTree = "<group>"; };
		1AC00010 /* BertTokenizer.swift */ = {isa = PBXFileReference; lastKnownFileType = sourcecode.swift; path = BertTokenizer.swift; sourceTree = "<group>"; };
		1AC00011 /* ChineseSpellingCorrector.swift */ = {isa = PBXFileReference; lastKnownFileType = sourcecode.swift; path = ChineseSpellingCorrector.swift; sourceTree = "<group>"; };
		1AF00010 /* RecordingState.swift */ = {isa = PBXFileReference; lastKnownFileType = sourcecode.swift; path = RecordingState.swift; sourceTree = "<group>"; };
		1AQ00010 /* QwenASRRecognizer.swift */ = {isa = PBXFileReference; lastKnownFileType = sourcecode.swift; path = QwenASRRecognizer.swift; sourceTree = "<group>"; };
		1AQ00011 /* libqwen_asr.dylib */ = {isa = PBXFileReference; lastKnownFileType = "compiled.mach-o.dylib"; name = libqwen_asr.dylib; path = "Frameworks/qwen-asr/lib/libqwen_asr.dylib"; sourceTree = "<group>"; };
		1AQ00012 /* CStringUtils.swift */ = {isa = PBXFileReference; lastKnownFileType = sourcecode.swift; path = CStringUtils.swift; sourceTree = "<group>"; };
		1AQ00013 /* ASRStreamRecognizing.swift */ = {isa = PBXFileReference; lastKnownFileType = sourcecode.swift; path = ASRStreamRecognizing.swift; sourceTree = "<group>"; };
		1AQ00014 /* ASREngine.swift */ = {isa = PBXFileReference; lastKnownFileType = sourcecode.swift; path = ASREngine.swift; sourceTree = "<group>"; };
		1ATN0010 /* TermNormalizer.swift */ = {isa = PBXFileReference; lastKnownFileType = sourcecode.swift; path = TermNormalizer.swift; sourceTree = "<group>"; };
		1ATN0011 /* term_dictionary.json */ = {isa = PBXFileReference; lastKnownFileType = text.json; path = term_dictionary.json; sourceTree = "<group>"; };
		1AD00010 /* DualEngineASR.swift */ = {isa = PBXFileReference; lastKnownFileType = sourcecode.swift; path = DualEngineASR.swift; sourceTree = "<group>"; };
		1A0CR010 /* CloudRewriteService.swift */ = {isa = PBXFileReference; lastKnownFileType = sourcecode.swift; path = CloudRewriteService.swift; sourceTree = "<group>"; };
		1A0GS010 /* GeneratedSecrets.swift */ = {isa = PBXFileReference; lastKnownFileType = sourcecode.swift; path = GeneratedSecrets.swift; sourceTree = "<group>"; };
		1AAN0010 /* AnalyticsService.swift */ = {isa = PBXFileReference; lastKnownFileType = sourcecode.swift; path = AnalyticsService.swift; sourceTree = "<group>"; };
		1A0CRT10 /* CloudRewriteServiceTests.swift */ = {isa = PBXFileReference; lastKnownFileType = sourcecode.swift; path = CloudRewriteServiceTests.swift; sourceTree = "<group>"; };
		1AAE0010 /* AudioEngineManager.swift */ = {isa = PBXFileReference; lastKnownFileType = sourcecode.swift; path = AudioEngineManager.swift; sourceTree = "<group>"; };
		1APP0010 /* PostProcessingPipeline.swift */ = {isa = PBXFileReference; lastKnownFileType = sourcecode.swift; path = PostProcessingPipeline.swift; sourceTree = "<group>"; };
		1AEF0010 /* ASREngineFactory.swift */ = {isa = PBXFileReference; lastKnownFileType = sourcecode.swift; path = ASREngineFactory.swift; sourceTree = "<group>"; };
		1ASV0010 /* SettingsASRView.swift */ = {isa = PBXFileReference; lastKnownFileType = sourcecode.swift; path = SettingsASRView.swift; sourceTree = "<group>"; };
		1ASV0020 /* SettingsDualEngineStatusView.swift */ = {isa = PBXFileReference; lastKnownFileType = sourcecode.swift; path = SettingsDualEngineStatusView.swift; sourceTree = "<group>"; };
		1ASV0030 /* SettingsGeneralView.swift */ = {isa = PBXFileReference; lastKnownFileType = sourcecode.swift; path = SettingsGeneralView.swift; sourceTree = "<group>"; };
		1A0MP010 /* ModelPathResolver.swift */ = {isa = PBXFileReference; lastKnownFileType = sourcecode.swift; path = ModelPathResolver.swift; sourceTree = "<group>"; };
		1A0MD010 /* ModelDownloader.swift */ = {isa = PBXFileReference; lastKnownFileType = sourcecode.swift; path = ModelDownloader.swift; sourceTree = "<group>"; };
		1A0ME010 /* ModelExtractionService.swift */ = {isa = PBXFileReference; lastKnownFileType = sourcecode.swift; path = ModelExtractionService.swift; sourceTree = "<group>"; };
/* End PBXFileReference section */

/* Begin PBXFileSystemSynchronizedRootGroup section */
		060E7E332F4ED32A0088F9A6 /* TypelessTests */ = {isa = PBXFileSystemSynchronizedRootGroup; explicitFileTypes = {}; explicitFolders = (); path = TypelessTests; sourceTree = "<group>"; };
/* End PBXFileSystemSynchronizedRootGroup section */

/* Begin PBXFrameworksBuildPhase section */
		060E7E2F2F4ED32A0088F9A6 /* Frameworks */ = {
			isa = PBXFrameworksBuildPhase;
			buildActionMask = 2147483647;
			files = (
			);
			runOnlyForDeploymentPostprocessing = 0;
		};
		1A00000D /* Frameworks */ = {
			isa = PBXFrameworksBuildPhase;
			buildActionMask = 2147483647;
			files = (
				1A000020 /* WhisperKit in Frameworks */,
				1A000050 /* libsherpa-onnx-c-api.dylib in Frameworks */,
				1A000052 /* libonnxruntime.1.23.2.dylib in Frameworks */,
				1AQ00002 /* libqwen_asr.dylib in Frameworks */,
			);
			runOnlyForDeploymentPostprocessing = 0;
		};
/* End PBXFrameworksBuildPhase section */

/* Begin PBXGroup section */
		1A000007 = {
			isa = PBXGroup;
			children = (
				060E7F8D2F5436D10088F9A6 /* Typeless.xctestplan */,
				060E7E332F4ED32A0088F9A6 /* TypelessTests */,
				1A000057 /* Frameworks */,
				1A000019 /* Sources */,
				1A00000F /* Products */,
			);
			sourceTree = "<group>";
		};
		1A00000F /* Products */ = {
			isa = PBXGroup;
			children = (
				1A000010 /* Typeless.app */,
				060E7E322F4ED32A0088F9A6 /* TypelessTests.xctest */,
			);
			name = Products;
			sourceTree = "<group>";
		};
		1A000019 /* Sources */ = {
			isa = PBXGroup;
			children = (
				1A000011 /* TypelessApp.swift */,
				1A000012 /* KeyMonitor.swift */,
				1A000013 /* RecordingManager.swift */,
				1A000014 /* OverlayWindow.swift */,
				1A000070 /* OnboardingOverlay.swift */,
				1A000015 /* TextInserter.swift */,
				1A000016 /* SettingsView.swift */,
				1ASV0010 /* SettingsASRView.swift */,
				1ASV0020 /* SettingsDualEngineStatusView.swift */,
				1ASV0030 /* SettingsGeneralView.swift */,
				1A000047 /* SherpaOnnxOnlineRecognizer.swift */,
				1A000049 /* SherpaOnnxPunctuation.swift */,
				1A000080 /* SherpaOnnxITN.swift */,
				1A000043 /* SherpaOnnxManager.swift */,
				1A0MP010 /* ModelPathResolver.swift */,
				1A0MD010 /* ModelDownloader.swift */,
				1A0ME010 /* ModelExtractionService.swift */,
				1AQ00010 /* QwenASRRecognizer.swift */,
				1AQ00012 /* CStringUtils.swift */,
				1AQ00013 /* ASRStreamRecognizing.swift */,
				1AQ00014 /* ASREngine.swift */,
				1AD00010 /* DualEngineASR.swift */,
				1A0CR010 /* CloudRewriteService.swift */,
				1AAE0010 /* AudioEngineManager.swift */,
				1APP0010 /* PostProcessingPipeline.swift */,
				1AEF0010 /* ASREngineFactory.swift */,
				1A0GS010 /* GeneratedSecrets.swift */,
				1AAN0010 /* AnalyticsService.swift */,
				1AF00010 /* RecordingState.swift */,
				1AC00010 /* BertTokenizer.swift */,
				1AC00011 /* ChineseSpellingCorrector.swift */,
				1ATN0010 /* TermNormalizer.swift */,
				1ATN0011 /* term_dictionary.json */,
				1A000060 /* CSherpaOnnx-Bridging-Header.h */,
				1A000017 /* Info.plist */,
				1A000018 /* Typeless.entitlements */,
				1A000031 /* AppIcon.icns */,
			);
			path = Sources;
			sourceTree = "<group>";
		};
		1A000057 /* Frameworks */ = {
			isa = PBXGroup;
			children = (
				1A000051 /* libsherpa-onnx-c-api.dylib */,
				1A000053 /* libonnxruntime.1.23.2.dylib */,
				1AQ00011 /* libqwen_asr.dylib */,
			);
			name = Frameworks;
			sourceTree = "<group>";
		};
/* End PBXGroup section */

/* Begin PBXNativeTarget section */
		060E7E312F4ED32A0088F9A6 /* TypelessTests */ = {
			isa = PBXNativeTarget;
			buildConfigurationList = 060E7E3A2F4ED32B0088F9A6 /* Build configuration list for PBXNativeTarget "TypelessTests" */;
			buildPhases = (
				060E7E2E2F4ED32A0088F9A6 /* Sources */,
				060E7E2F2F4ED32A0088F9A6 /* Frameworks */,
				060E7E302F4ED32A0088F9A6 /* Resources */,
			);
			buildRules = (
			);
			dependencies = (
				060E7E372F4ED32B0088F9A6 /* PBXTargetDependency */,
			);
			fileSystemSynchronizedGroups = (
				060E7E332F4ED32A0088F9A6 /* TypelessTests */,
			);
			name = TypelessTests;
			packageProductDependencies = (
			);
			productName = TypelessTests;
			productReference = 060E7E322F4ED32A0088F9A6 /* TypelessTests.xctest */;
			productType = "com.apple.product-type.bundle.unit-test";
		};
		1A00000A /* Typeless */ = {
			isa = PBXNativeTarget;
			buildConfigurationList = 1A00001C /* Build configuration list for PBXNativeTarget "Typeless" */;
			buildPhases = (
				1A0000AA /* Generate Secrets */,
				1A00000B /* Sources */,
				1A00000D /* Frameworks */,
				1A000032 /* Resources */,
				1A000056 /* CopyFiles */,
				1A000099 /* Remove profraw */,
			);
			buildRules = (
			);
			dependencies = (
			);
			name = Typeless;
			packageProductDependencies = (
				1A00001F /* WhisperKit */,
				1ATD001F /* TelemetryDeck */,
			);
			productName = Typeless;
			productReference = 1A000010 /* Typeless.app */;
			productType = "com.apple.product-type.application";
		};
/* End PBXNativeTarget section */

/* Begin PBXProject section */
		1A000008 /* Project object */ = {
			isa = PBXProject;
			attributes = {
				BuildIndependentTargetsInParallel = 1;
				LastSwiftUpdateCheck = 2620;
				LastUpgradeCheck = 1500;
				TargetAttributes = {
					060E7E312F4ED32A0088F9A6 = {
						CreatedOnToolsVersion = 26.2;
						TestTargetID = 1A00000A;
					};
					1A00000A = {
						CreatedOnToolsVersion = 15.0;
					};
				};
			};
			buildConfigurationList = 1A00001B /* Build configuration list for PBXProject "Typeless" */;
			compatibilityVersion = "Xcode 14.0";
			developmentRegion = en;
			hasScannedForEncodings = 0;
			knownRegions = (
				en,
				Base,
			);
			mainGroup = 1A000007;
			packageReferences = (
				1A00001E /* XCRemoteSwiftPackageReference "WhisperKit" */,
				1ATD001E /* XCRemoteSwiftPackageReference "SwiftSDK" */,
			);
			productRefGroup = 1A00000F /* Products */;
			projectDirPath = "";
			projectRoot = "";
			targets = (
				1A00000A /* Typeless */,
				060E7E312F4ED32A0088F9A6 /* TypelessTests */,
			);
		};
/* End PBXProject section */

/* Begin PBXResourcesBuildPhase section */
		060E7E302F4ED32A0088F9A6 /* Resources */ = {
			isa = PBXResourcesBuildPhase;
			buildActionMask = 2147483647;
			files = (
			);
			runOnlyForDeploymentPostprocessing = 0;
		};
		1A000032 /* Resources */ = {
			isa = PBXResourcesBuildPhase;
			buildActionMask = 2147483647;
			files = (
				1A000030 /* AppIcon.icns in Resources */,
				1ATN0002 /* term_dictionary.json in Resources */,
			);
			runOnlyForDeploymentPostprocessing = 0;
		};
/* End PBXResourcesBuildPhase section */

/* Begin PBXShellScriptBuildPhase section */
		1A0000AA /* Generate Secrets */ = {
			isa = PBXShellScriptBuildPhase;
			buildActionMask = 2147483647;
			files = (
			);
			inputPaths = (
				"$(SRCROOT)/.env",
				"$(SRCROOT)/scripts/generate-secrets.sh",
			);
			name = "Generate Secrets";
			outputPaths = (
				"$(SRCROOT)/Sources/GeneratedSecrets.swift",
			);
			runOnlyForDeploymentPostprocessing = 0;
			shellPath = /bin/sh;
			shellScript = "bash \"${SRCROOT}/scripts/generate-secrets.sh\"\n";
		};
		1A000099 /* Remove profraw */ = {
			isa = PBXShellScriptBuildPhase;
			buildActionMask = 2147483647;
			files = (
			);
			inputPaths = (
			);
			name = "Remove profraw";
			outputPaths = (
			);
			runOnlyForDeploymentPostprocessing = 0;
			shellPath = /bin/sh;
			shellScript = "# Remove LLVM profiling artifacts that break codesign\nfind \"${BUILT_PRODUCTS_DIR}/${WRAPPER_NAME}\" -name '*.profraw' -delete 2>/dev/null || true\n";
		};
/* End PBXShellScriptBuildPhase section */

/* Begin PBXSourcesBuildPhase section */
		060E7E2E2F4ED32A0088F9A6 /* Sources */ = {
			isa = PBXSourcesBuildPhase;
			buildActionMask = 2147483647;
			files = (
			);
			runOnlyForDeploymentPostprocessing = 0;
		};
		1A00000B /* Sources */ = {
			isa = PBXSourcesBuildPhase;
			buildActionMask = 2147483647;
			files = (
				1A000001 /* TypelessApp.swift in Sources */,
				1A000002 /* KeyMonitor.swift in Sources */,
				1A000003 /* RecordingManager.swift in Sources */,
				1A000004 /* OverlayWindow.swift in Sources */,
				1A000071 /* OnboardingOverlay.swift in Sources */,
				1A000005 /* TextInserter.swift in Sources */,
				1A000006 /* SettingsView.swift in Sources */,
				1ASV0001 /* SettingsASRView.swift in Sources */,
				1ASV0002 /* SettingsDualEngineStatusView.swift in Sources */,
				1ASV0003 /* SettingsGeneralView.swift in Sources */,
				1A000046 /* SherpaOnnxOnlineRecognizer.swift in Sources */,
				1A000048 /* SherpaOnnxPunctuation.swift in Sources */,
				1A000081 /* SherpaOnnxITN.swift in Sources */,
				1A000042 /* SherpaOnnxManager.swift in Sources */,
				1A0MP001 /* ModelPathResolver.swift in Sources */,
				1A0MD001 /* ModelDownloader.swift in Sources */,
				1A0ME001 /* ModelExtractionService.swift in Sources */,
				1AQ00001 /* QwenASRRecognizer.swift in Sources */,
				1AQ00004 /* CStringUtils.swift in Sources */,
				1AQ00005 /* ASRStreamRecognizing.swift in Sources */,
				1AQ00006 /* ASREngine.swift in Sources */,
				1AD00001 /* DualEngineASR.swift in Sources */,
				1A0CR001 /* CloudRewriteService.swift in Sources */,
				1AAE0001 /* AudioEngineManager.swift in Sources */,
				1APP0001 /* PostProcessingPipeline.swift in Sources */,
				1AEF0001 /* ASREngineFactory.swift in Sources */,
				1A0GS001 /* GeneratedSecrets.swift in Sources */,
				1AAN0001 /* AnalyticsService.swift in Sources */,
				1AF00001 /* RecordingState.swift in Sources */,
				1AC00001 /* BertTokenizer.swift in Sources */,
				1AC00002 /* ChineseSpellingCorrector.swift in Sources */,
				1ATN0001 /* TermNormalizer.swift in Sources */,
			);
			runOnlyForDeploymentPostprocessing = 0;
		};
/* End PBXSourcesBuildPhase section */

/* Begin PBXTargetDependency section */
		060E7E372F4ED32B0088F9A6 /* PBXTargetDependency */ = {
			isa = PBXTargetDependency;
			target = 1A00000A /* Typeless */;
			targetProxy = 060E7E362F4ED32B0088F9A6 /* PBXContainerItemProxy */;
		};
/* End PBXTargetDependency section */

/* Begin XCBuildConfiguration section */
		060E7E382F4ED32B0088F9A6 /* Debug */ = {
			isa = XCBuildConfiguration;
			buildSettings = {
				BUNDLE_LOADER = "$(TEST_HOST)";
				CODE_SIGN_STYLE = Automatic;
				CURRENT_PROJECT_VERSION = 1;
				DEVELOPMENT_TEAM = BXQ44LYC44;
				GENERATE_INFOPLIST_FILE = YES;
				HEADER_SEARCH_PATHS = (
					"$(inherited)",
					"$(SRCROOT)/Sources/CSherpaOnnx",
					"$(SRCROOT)/Frameworks/sherpa-onnx/include",
					"$(SRCROOT)/Frameworks/qwen-asr/include",
				);
				LIBRARY_SEARCH_PATHS = (
					"$(inherited)",
					"$(SRCROOT)/Frameworks/sherpa-onnx/lib",
					"$(SRCROOT)/Frameworks/qwen-asr/lib",
				);
				MACOSX_DEPLOYMENT_TARGET = 26.2;
				MARKETING_VERSION = 1.0;
				PRODUCT_BUNDLE_IDENTIFIER = com.zhaochaoqun.TypelessTests;
				PRODUCT_NAME = "$(TARGET_NAME)";
				STRING_CATALOG_GENERATE_SYMBOLS = NO;
				SWIFT_APPROACHABLE_CONCURRENCY = YES;
				SWIFT_EMIT_LOC_STRINGS = NO;
				SWIFT_OBJC_BRIDGING_HEADER = "Sources/CSherpaOnnx-Bridging-Header.h";
				SWIFT_UPCOMING_FEATURE_MEMBER_IMPORT_VISIBILITY = YES;
				SWIFT_VERSION = 5.0;
				TEST_HOST = "$(BUILT_PRODUCTS_DIR)/Nano Typeless.app/$(BUNDLE_EXECUTABLE_FOLDER_PATH)/Nano Typeless";
			};
			name = Debug;
		};
		060E7E392F4ED32B0088F9A6 /* Release */ = {
			isa = XCBuildConfiguration;
			buildSettings = {
				BUNDLE_LOADER = "$(TEST_HOST)";
				CODE_SIGN_STYLE = Automatic;
				CURRENT_PROJECT_VERSION = 1;
				DEVELOPMENT_TEAM = BXQ44LYC44;
				GENERATE_INFOPLIST_FILE = YES;
				HEADER_SEARCH_PATHS = (
					"$(inherited)",
					"$(SRCROOT)/Sources/CSherpaOnnx",
					"$(SRCROOT)/Frameworks/sherpa-onnx/include",
					"$(SRCROOT)/Frameworks/qwen-asr/include",
				);
				LIBRARY_SEARCH_PATHS = (
					"$(inherited)",
					"$(SRCROOT)/Frameworks/sherpa-onnx/lib",
					"$(SRCROOT)/Frameworks/qwen-asr/lib",
				);
				MACOSX_DEPLOYMENT_TARGET = 26.2;
				MARKETING_VERSION = 1.0;
				PRODUCT_BUNDLE_IDENTIFIER = com.zhaochaoqun.TypelessTests;
				PRODUCT_NAME = "$(TARGET_NAME)";
				STRING_CATALOG_GENERATE_SYMBOLS = NO;
				SWIFT_APPROACHABLE_CONCURRENCY = YES;
				SWIFT_EMIT_LOC_STRINGS = NO;
				SWIFT_OBJC_BRIDGING_HEADER = "Sources/CSherpaOnnx-Bridging-Header.h";
				SWIFT_UPCOMING_FEATURE_MEMBER_IMPORT_VISIBILITY = YES;
				SWIFT_VERSION = 5.0;
				TEST_HOST = "$(BUILT_PRODUCTS_DIR)/Nano Typeless.app/$(BUNDLE_EXECUTABLE_FOLDER_PATH)/Nano Typeless";
			};
			name = Release;
		};
		1A000021 /* Debug */ = {
			isa = XCBuildConfiguration;
			buildSettings = {
				ALWAYS_SEARCH_USER_PATHS = NO;
				ASSETCATALOG_COMPILER_GENERATE_SWIFT_ASSET_SYMBOL_EXTENSIONS = YES;
				CLANG_ANALYZER_NONNULL = YES;
				CLANG_ANALYZER_NUMBER_OBJECT_CONVERSION = YES_AGGRESSIVE;
				CLANG_CXX_LANGUAGE_STANDARD = "gnu++20";
				CLANG_ENABLE_MODULES = YES;
				CLANG_ENABLE_OBJC_ARC = YES;
				CLANG_ENABLE_OBJC_WEAK = YES;
				CLANG_WARN_BLOCK_CAPTURE_AUTORELEASING = YES;
				CLANG_WARN_BOOL_CONVERSION = YES;
				CLANG_WARN_COMMA = YES;
				CLANG_WARN_CONSTANT_CONVERSION = YES;
				CLANG_WARN_DEPRECATED_OBJC_IMPLEMENTATIONS = YES;
				CLANG_WARN_DIRECT_OBJC_ISA_USAGE = YES_ERROR;
				CLANG_WARN_DOCUMENTATION_COMMENTS = YES;
				CLANG_WARN_EMPTY_BODY = YES;
				CLANG_WARN_ENUM_CONVERSION = YES;
				CLANG_WARN_INFINITE_RECURSION = YES;
				CLANG_WARN_INT_CONVERSION = YES;
				CLANG_WARN_NON_LITERAL_NULL_CONVERSION = YES;
				CLANG_WARN_OBJC_IMPLICIT_RETAIN_SELF = YES;
				CLANG_WARN_OBJC_LITERAL_CONVERSION = YES;
				CLANG_WARN_OBJC_ROOT_CLASS = YES_ERROR;
				CLANG_WARN_QUOTED_INCLUDE_IN_FRAMEWORK_HEADER = YES;
				CLANG_WARN_RANGE_LOOP_ANALYSIS = YES;
				CLANG_WARN_STRICT_PROTOTYPES = YES;
				CLANG_WARN_SUSPICIOUS_MOVE = YES;
				CLANG_WARN_UNGUARDED_AVAILABILITY = YES_AGGRESSIVE;
				CLANG_WARN_UNREACHABLE_CODE = YES;
				CLANG_WARN__DUPLICATE_METHOD_MATCH = YES;
				COPY_PHASE_STRIP = NO;
				DEBUG_INFORMATION_FORMAT = dwarf;
				ENABLE_STRICT_OBJC_MSGSEND = YES;
				ENABLE_TESTABILITY = YES;
				ENABLE_USER_SCRIPT_SANDBOXING = YES;
				GCC_C_LANGUAGE_STANDARD = gnu17;
				GCC_DYNAMIC_NO_PIC = NO;
				GCC_NO_COMMON_BLOCKS = YES;
				GCC_OPTIMIZATION_LEVEL = 0;
				GCC_PREPROCESSOR_DEFINITIONS = (
					"DEBUG=1",
					"$(inherited)",
				);
				GCC_WARN_64_TO_32_BIT_CONVERSION = YES;
				GCC_WARN_ABOUT_RETURN_TYPE = YES_ERROR;
				GCC_WARN_UNDECLARED_SELECTOR = YES;
				GCC_WARN_UNINITIALIZED_AUTOS = YES_AGGRESSIVE;
				GCC_WARN_UNUSED_FUNCTION = YES;
				GCC_WARN_UNUSED_VARIABLE = YES;
				LOCALIZATION_PREFERS_STRING_CATALOGS = YES;
				MACOSX_DEPLOYMENT_TARGET = 14.0;
				MTL_ENABLE_DEBUG_INFO = INCLUDE_SOURCE;
				MTL_FAST_MATH = YES;
				ONLY_ACTIVE_ARCH = YES;
				SDKROOT = macosx;
				SWIFT_ACTIVE_COMPILATION_CONDITIONS = "DEBUG $(inherited)";
				SWIFT_OPTIMIZATION_LEVEL = "-Onone";
			};
			name = Debug;
		};
		1A000022 /* Release */ = {
			isa = XCBuildConfiguration;
			buildSettings = {
				ALWAYS_SEARCH_USER_PATHS = NO;
				ASSETCATALOG_COMPILER_GENERATE_SWIFT_ASSET_SYMBOL_EXTENSIONS = YES;
				CLANG_ANALYZER_NONNULL = YES;
				CLANG_ANALYZER_NUMBER_OBJECT_CONVERSION = YES_AGGRESSIVE;
				CLANG_CXX_LANGUAGE_STANDARD = "gnu++20";
				CLANG_ENABLE_MODULES = YES;
				CLANG_ENABLE_OBJC_ARC = YES;
				CLANG_ENABLE_OBJC_WEAK = YES;
				CLANG_WARN_BLOCK_CAPTURE_AUTORELEASING = YES;
				CLANG_WARN_BOOL_CONVERSION = YES;
				CLANG_WARN_COMMA = YES;
				CLANG_WARN_CONSTANT_CONVERSION = YES;
				CLANG_WARN_DEPRECATED_OBJC_IMPLEMENTATIONS = YES;
				CLANG_WARN_DIRECT_OBJC_ISA_USAGE = YES_ERROR;
				CLANG_WARN_DOCUMENTATION_COMMENTS = YES;
				CLANG_WARN_EMPTY_BODY = YES;
				CLANG_WARN_ENUM_CONVERSION = YES;
				CLANG_WARN_INFINITE_RECURSION = YES;
				CLANG_WARN_INT_CONVERSION = YES;
				CLANG_WARN_NON_LITERAL_NULL_CONVERSION = YES;
				CLANG_WARN_OBJC_IMPLICIT_RETAIN_SELF = YES;
				CLANG_WARN_OBJC_LITERAL_CONVERSION = YES;
				CLANG_WARN_OBJC_ROOT_CLASS = YES_ERROR;
				CLANG_WARN_QUOTED_INCLUDE_IN_FRAMEWORK_HEADER = YES;
				CLANG_WARN_RANGE_LOOP_ANALYSIS = YES;
				CLANG_WARN_STRICT_PROTOTYPES = YES;
				CLANG_WARN_SUSPICIOUS_MOVE = YES;
				CLANG_WARN_UNGUARDED_AVAILABILITY = YES_AGGRESSIVE;
				CLANG_WARN_UNREACHABLE_CODE = YES;
				CLANG_WARN__DUPLICATE_METHOD_MATCH = YES;
				COPY_PHASE_STRIP = NO;
				DEBUG_INFORMATION_FORMAT = "dwarf-with-dsym";
				ENABLE_NS_ASSERTIONS = NO;
				ENABLE_STRICT_OBJC_MSGSEND = YES;
				ENABLE_USER_SCRIPT_SANDBOXING = YES;
				GCC_C_LANGUAGE_STANDARD = gnu17;
				GCC_NO_COMMON_BLOCKS = YES;
				GCC_WARN_64_TO_32_BIT_CONVERSION = YES;
				GCC_WARN_ABOUT_RETURN_TYPE = YES_ERROR;
				GCC_WARN_UNDECLARED_SELECTOR = YES;
				GCC_WARN_UNINITIALIZED_AUTOS = YES_AGGRESSIVE;
				GCC_WARN_UNUSED_FUNCTION = YES;
				GCC_WARN_UNUSED_VARIABLE = YES;
				LOCALIZATION_PREFERS_STRING_CATALOGS = YES;
				MACOSX_DEPLOYMENT_TARGET = 14.0;
				MTL_ENABLE_DEBUG_INFO = NO;
				MTL_FAST_MATH = YES;
				SDKROOT = macosx;
				SWIFT_COMPILATION_MODE = wholemodule;
			};
			name = Release;
		};
		1A000023 /* Debug */ = {
			isa = XCBuildConfiguration;
			buildSettings = {
				CODE_SIGN_ENTITLEMENTS = Sources/Typeless.entitlements;
				CODE_SIGN_STYLE = Automatic;
				COMBINE_HIDPI_IMAGES = YES;
				CURRENT_PROJECT_VERSION = 1;
				DEVELOPMENT_TEAM = "";
				ENABLE_HARDENED_RUNTIME = YES;
				GENERATE_INFOPLIST_FILE = NO;
				HEADER_SEARCH_PATHS = (
					"$(inherited)",
					"$(SRCROOT)/Sources/CSherpaOnnx",
					"$(SRCROOT)/Frameworks/sherpa-onnx/include",
					"$(SRCROOT)/Frameworks/qwen-asr/include",
				);
				INFOPLIST_FILE = Sources/Info.plist;
				INFOPLIST_KEY_LSApplicationCategoryType = "public.app-category.productivity";
				INFOPLIST_KEY_NSHumanReadableCopyright = "";
				INFOPLIST_KEY_NSMicrophoneUsageDescription = "Nano Typeless 需要使用麦克风来录制您的语音并转换为文字";
				LD_RUNPATH_SEARCH_PATHS = (
					"$(inherited)",
					"@executable_path/../Frameworks",
				);
				LIBRARY_SEARCH_PATHS = (
					"$(inherited)",
					"$(SRCROOT)/Frameworks/sherpa-onnx/lib",
					"$(SRCROOT)/Frameworks/qwen-asr/lib",
				);
				MARKETING_VERSION = 1.4.2;
				PRODUCT_BUNDLE_IDENTIFIER = com.typeless.app;
				PRODUCT_NAME = "Nano Typeless";
				SWIFT_EMIT_LOC_STRINGS = YES;
				SWIFT_OBJC_BRIDGING_HEADER = "Sources/CSherpaOnnx-Bridging-Header.h";
				SWIFT_VERSION = 5.0;
			};
			name = Debug;
		};
		1A000024 /* Release */ = {
			isa = XCBuildConfiguration;
			buildSettings = {
				CODE_SIGN_ENTITLEMENTS = Sources/Typeless.entitlements;
				CODE_SIGN_STYLE = Automatic;
				COMBINE_HIDPI_IMAGES = YES;
				CURRENT_PROJECT_VERSION = 1;
				DEVELOPMENT_TEAM = "";
				ENABLE_HARDENED_RUNTIME = YES;
				GENERATE_INFOPLIST_FILE = NO;
				HEADER_SEARCH_PATHS = (
					"$(inherited)",
					"$(SRCROOT)/Sources/CSherpaOnnx",
					"$(SRCROOT)/Frameworks/sherpa-onnx/include",
					"$(SRCROOT)/Frameworks/qwen-asr/include",
				);
				INFOPLIST_FILE = Sources/Info.plist;
				INFOPLIST_KEY_LSApplicationCategoryType = "public.app-category.productivity";
				INFOPLIST_KEY_NSHumanReadableCopyright = "";
				INFOPLIST_KEY_NSMicrophoneUsageDescription = "Nano Typeless 需要使用麦克风来录制您的语音并转换为文字";
				LD_RUNPATH_SEARCH_PATHS = (
					"$(inherited)",
					"@executable_path/../Frameworks",
				);
				LIBRARY_SEARCH_PATHS = (
					"$(inherited)",
					"$(SRCROOT)/Frameworks/sherpa-onnx/lib",
					"$(SRCROOT)/Frameworks/qwen-asr/lib",
				);
				MARKETING_VERSION = 1.4.2;
				PRODUCT_BUNDLE_IDENTIFIER = com.typeless.app;
				PRODUCT_NAME = "Nano Typeless";
				SWIFT_EMIT_LOC_STRINGS = YES;
				SWIFT_OBJC_BRIDGING_HEADER = "Sources/CSherpaOnnx-Bridging-Header.h";
				SWIFT_VERSION = 5.0;
			};
			name = Release;
		};
/* End XCBuildConfiguration section */

/* Begin XCConfigurationList section */
		060E7E3A2F4ED32B0088F9A6 /* Build configuration list for PBXNativeTarget "TypelessTests" */ = {
			isa = XCConfigurationList;
			buildConfigurations = (
				060E7E382F4ED32B0088F9A6 /* Debug */,
				060E7E392F4ED32B0088F9A6 /* Release */,
			);
			defaultConfigurationIsVisible = 0;
			defaultConfigurationName = Release;
		};
		1A00001B /* Build configuration list for PBXProject "Typeless" */ = {
			isa = XCConfigurationList;
			buildConfigurations = (
				1A000021 /* Debug */,
				1A000022 /* Release */,
			);
			defaultConfigurationIsVisible = 0;
			defaultConfigurationName = Release;
		};
		1A00001C /* Build configuration list for PBXNativeTarget "Typeless" */ = {
			isa = XCConfigurationList;
			buildConfigurations = (
				1A000023 /* Debug */,
				1A000024 /* Release */,
			);
			defaultConfigurationIsVisible = 0;
			defaultConfigurationName = Release;
		};
/* End XCConfigurationList section */

/* Begin XCRemoteSwiftPackageReference section */
		1A00001E /* XCRemoteSwiftPackageReference "WhisperKit" */ = {
			isa = XCRemoteSwiftPackageReference;
			repositoryURL = "https://github.com/argmaxinc/WhisperKit.git";
			requirement = {
				kind = upToNextMajorVersion;
				minimumVersion = 0.9.0;
			};
		};
		1ATD001E /* XCRemoteSwiftPackageReference "SwiftSDK" */ = {
			isa = XCRemoteSwiftPackageReference;
			repositoryURL = "https://github.com/TelemetryDeck/SwiftSDK.git";
			requirement = {
				kind = upToNextMajorVersion;
				minimumVersion = 2.0.0;
			};
		};
/* End XCRemoteSwiftPackageReference section */

/* Begin XCSwiftPackageProductDependency section */
		1A00001F /* WhisperKit */ = {
			isa = XCSwiftPackageProductDependency;
			package = 1A00001E /* XCRemoteSwiftPackageReference "WhisperKit" */;
			productName = WhisperKit;
		};
		1ATD001F /* TelemetryDeck */ = {
			isa = XCSwiftPackageProductDependency;
			package = 1ATD001E /* XCRemoteSwiftPackageReference "SwiftSDK" */;
			productName = TelemetryDeck;
		};
/* End XCSwiftPackageProductDependency section */
	};
	rootObject = 1A000008 /* Project object */;
}
